// !$*UTF8*$!
{
	archiveVersion = 1;
	classes = {
	};
	objectVersion = 46;
	objects = {

/* Begin PBXBuildFile section */
		2218152515391CD5001A9EAF /* UIKit.framework in Frameworks */ = {isa = PBXBuildFile; fileRef = 2218152415391CD5001A9EAF /* UIKit.framework */; };
		2218152715391CD5001A9EAF /* Foundation.framework in Frameworks */ = {isa = PBXBuildFile; fileRef = 2218152615391CD5001A9EAF /* Foundation.framework */; };
		2218152915391CD5001A9EAF /* CoreGraphics.framework in Frameworks */ = {isa = PBXBuildFile; fileRef = 2218152815391CD5001A9EAF /* CoreGraphics.framework */; };
		2218152F15391CD5001A9EAF /* InfoPlist.strings in Resources */ = {isa = PBXBuildFile; fileRef = 2218152D15391CD5001A9EAF /* InfoPlist.strings */; };
		2218153115391CD5001A9EAF /* main.m in Sources */ = {isa = PBXBuildFile; fileRef = 2218153015391CD5001A9EAF /* main.m */; };
		2218153515391CD5001A9EAF /* BCAppDelegate.m in Sources */ = {isa = PBXBuildFile; fileRef = 2218153415391CD5001A9EAF /* BCAppDelegate.m */; };
/* End PBXBuildFile section */

/* Begin PBXFileReference section */
		2218152015391CD5001A9EAF /* BoxCheckers.app */ = {isa = PBXFileReference; explicitFileType = wrapper.application; includeInIndex = 0; path = BoxCheckers.app; sourceTree = BUILT_PRODUCTS_DIR; };
		2218152415391CD5001A9EAF /* UIKit.framework */ = {isa = PBXFileReference; lastKnownFileType = wrapper.framework; name = UIKit.framework; path = System/Library/Frameworks/UIKit.framework; sourceTree = SDKROOT; };
		2218152615391CD5001A9EAF /* Foundation.framework */ = {isa = PBXFileReference; lastKnownFileType = wrapper.framework; name = Foundation.framework; path = System/Library/Frameworks/Foundation.framework; sourceTree = SDKROOT; };
		2218152815391CD5001A9EAF /* CoreGraphics.framework */ = {isa = PBXFileReference; lastKnownFileType = wrapper.framework; name = CoreGraphics.framework; path = System/Library/Frameworks/CoreGraphics.framework; sourceTree = SDKROOT; };
		2218152C15391CD5001A9EAF /* BoxCheckers-Info.plist */ = {isa = PBXFileReference; path = "BoxCheckers-Info.plist"; sourceTree = "<group>"; };
		2218152E15391CD5001A9EAF /* en */ = {isa = PBXFileReference; lastKnownFileType = text.plist.strings; name = en; path = en.lproj/InfoPlist.strings; sourceTree = "<group>"; };
		2218153015391CD5001A9EAF /* main.m */ = {isa = PBXFileReference; lastKnownFileType = sourcecode.c.objc; path = main.m; sourceTree = "<group>"; };
		2218153215391CD5001A9EAF /* BoxCheckers-Prefix.pch */ = {isa = PBXFileReference; path = "BoxCheckers-Prefix.pch"; sourceTree = "<group>"; };
		2218153315391CD5001A9EAF /* BCAppDelegate.h */ = {isa = PBXFileReference; path = BCAppDelegate.h; sourceTree = "<group>"; };
		2218153415391CD5001A9EAF /* BCAppDelegate.m */ = {isa = PBXFileReference; lastKnownFileType = sourcecode.c.objc; path = BCAppDelegate.m; sourceTree = "<group>"; };
/* End PBXFileReference section */

/* Begin PBXFrameworksBuildPhase section */
		2218151D15391CD5001A9EAF /* Frameworks */ = {
			isa = PBXFrameworksBuildPhase;
			buildActionMask = 2147483647;
			files = (
				2218152515391CD5001A9EAF /* UIKit.framework in Frameworks */,
				2218152715391CD5001A9EAF /* Foundation.framework in Frameworks */,
				2218152915391CD5001A9EAF /* CoreGraphics.framework in Frameworks */,
			);
			runOnlyForDeploymentPostprocessing = 0;
		};
/* End PBXFrameworksBuildPhase section */

/* Begin PBXGroup section */
		2218151515391CD5001A9EAF = {
			isa = PBXGroup;
			children = (
				2218152A15391CD5001A9EAF /* BoxCheckers */,
				2218152315391CD5001A9EAF /* Frameworks */,
				2218152115391CD5001A9EAF /* Products */,
			);
			sourceTree = "<group>";
		};
		2218152115391CD5001A9EAF /* Products */ = {
			isa = PBXGroup;
			children = (
				2218152015391CD5001A9EAF /* BoxCheckers.app */,
			);
			name = Products;
			sourceTree = "<group>";
		};
		2218152315391CD5001A9EAF /* Frameworks */ = {
			isa = PBXGroup;
			children = (
				2218152415391CD5001A9EAF /* UIKit.framework */,
				2218152615391CD5001A9EAF /* Foundation.framework */,
				2218152815391CD5001A9EAF /* CoreGraphics.framework */,
			);
			name = Frameworks;
			sourceTree = "<group>";
		};
		2218152A15391CD5001A9EAF /* BoxCheckers */ = {
			isa = PBXGroup;
			children = (
				2218153315391CD5001A9EAF /* BCAppDelegate.h */,
				2218153415391CD5001A9EAF /* BCAppDelegate.m */,
				2218152B15391CD5001A9EAF /* Supporting Files */,
			);
			path = BoxCheckers;
			sourceTree = "<group>";
		};
		2218152B15391CD5001A9EAF /* Supporting Files */ = {
			isa = PBXGroup;
			children = (
				2218152C15391CD5001A9EAF /* BoxCheckers-Info.plist */,
				2218152D15391CD5001A9EAF /* InfoPlist.strings */,
				2218153015391CD5001A9EAF /* main.m */,
				2218153215391CD5001A9EAF /* BoxCheckers-Prefix.pch */,
			);
			name = "Supporting Files";
			sourceTree = "<group>";
		};
/* End PBXGroup section */

/* Begin PBXNativeTarget section */
		2218151F15391CD5001A9EAF /* BoxCheckers */ = {
			isa = PBXNativeTarget;
			buildConfigurationList = 2218153815391CD5001A9EAF /* Build configuration list for PBXNativeTarget "BoxCheckers" */;
			buildPhases = (
				2218151C15391CD5001A9EAF /* Sources */,
				2218151D15391CD5001A9EAF /* Frameworks */,
				2218151E15391CD5001A9EAF /* Resources */,
			);
			buildRules = (
			);
			dependencies = (
			);
			name = BoxCheckers;
			productName = BoxCheckers;
			productReference = 2218152015391CD5001A9EAF /* BoxCheckers.app */;
			productType = "com.apple.product-type.application";
		};
/* End PBXNativeTarget section */

/* Begin PBXProject section */
		2218151715391CD5001A9EAF /* Project object */ = {
			isa = PBXProject;
			attributes = {
				CLASSPREFIX = BC;
				LastUpgradeCheck = 0430;
				ORGANIZATIONNAME = "WillowTree Apps";
			};
			buildConfigurationList = 2218151A15391CD5001A9EAF /* Build configuration list for PBXProject "BoxCheckers" */;
			compatibilityVersion = "Xcode 3.2";
			developmentRegion = English;
			hasScannedForEncodings = 0;
			knownRegions = (
				en,
			);
			mainGroup = 2218151515391CD5001A9EAF;
			productRefGroup = 2218152115391CD5001A9EAF /* Products */;
			projectDirPath = "";
			projectRoot = "";
			targets = (
				2218151F15391CD5001A9EAF /* BoxCheckers */,
			);
		};
/* End PBXProject section */

/* Begin PBXResourcesBuildPhase section */
		2218151E15391CD5001A9EAF /* Resources */ = {
			isa = PBXResourcesBuildPhase;
			buildActionMask = 2147483647;
			files = (
				2218152F15391CD5001A9EAF /* InfoPlist.strings in Resources */,
			);
			runOnlyForDeploymentPostprocessing = 0;
		};
/* End PBXResourcesBuildPhase section */

/* Begin PBXSourcesBuildPhase section */
		2218151C15391CD5001A9EAF /* Sources */ = {
			isa = PBXSourcesBuildPhase;
			buildActionMask = 2147483647;
			files = (
				2218153115391CD5001A9EAF /* main.m in Sources */,
				2218153515391CD5001A9EAF /* BCAppDelegate.m in Sources */,
			);
			runOnlyForDeploymentPostprocessing = 0;
		};
/* End PBXSourcesBuildPhase section */

/* Begin PBXVariantGroup section */
		2218152D15391CD5001A9EAF /* InfoPlist.strings */ = {
			isa = PBXVariantGroup;
			children = (
				2218152E15391CD5001A9EAF /* en */,
			);
			name = InfoPlist.strings;
			sourceTree = "<group>";
		};
/* End PBXVariantGroup section */

/* Begin XCBuildConfiguration section */
		2218153615391CD5001A9EAF /* Debug */ = {
			isa = XCBuildConfiguration;
			buildSettings = {
				ALWAYS_SEARCH_USER_PATHS = NO;
				ARCHS = "$(ARCHS_STANDARD_32_BIT)";
				CLANG_ENABLE_OBJC_ARC = YES;
				"CODE_SIGN_IDENTITY[sdk=iphoneos*]" = "iPhone Developer";
				COPY_PHASE_STRIP = NO;
				GCC_C_LANGUAGE_STANDARD = gnu99;
				GCC_DYNAMIC_NO_PIC = NO;
				GCC_OPTIMIZATION_LEVEL = 0;
				GCC_PREPROCESSOR_DEFINITIONS = (
					"DEBUG=1",
					"$(inherited)",
				);
				GCC_SYMBOLS_PRIVATE_EXTERN = NO;
				GCC_VERSION = com.apple.compilers.llvm.clang.1_0;
				GCC_WARN_ABOUT_RETURN_TYPE = YES;
				GCC_WARN_UNINITIALIZED_AUTOS = YES;
				GCC_WARN_UNUSED_VARIABLE = YES;
				IPHONEOS_DEPLOYMENT_TARGET = 5.1;
				SDKROOT = iphoneos;
			};
			name = Debug;
		};
		2218153715391CD5001A9EAF /* Release */ = {
			isa = XCBuildConfiguration;
			buildSettings = {
				ALWAYS_SEARCH_USER_PATHS = NO;
				ARCHS = "$(ARCHS_STANDARD_32_BIT)";
				CLANG_ENABLE_OBJC_ARC = YES;
				"CODE_SIGN_IDENTITY[sdk=iphoneos*]" = "iPhone Developer";
				COPY_PHASE_STRIP = YES;
				GCC_C_LANGUAGE_STANDARD = gnu99;
				GCC_VERSION = com.apple.compilers.llvm.clang.1_0;
				GCC_WARN_ABOUT_RETURN_TYPE = YES;
				GCC_WARN_UNINITIALIZED_AUTOS = YES;
				GCC_WARN_UNUSED_VARIABLE = YES;
				IPHONEOS_DEPLOYMENT_TARGET = 5.1;
				OTHER_CFLAGS = "-DNS_BLOCK_ASSERTIONS=1";
				SDKROOT = iphoneos;
				VALIDATE_PRODUCT = YES;
			};
			name = Release;
		};
		2218153915391CD5001A9EAF /* Debug */ = {
			isa = XCBuildConfiguration;
			buildSettings = {
				GCC_PRECOMPILE_PREFIX_HEADER = YES;
				GCC_PREFIX_HEADER = "BoxCheckers/BoxCheckers-Prefix.pch";
				INFOPLIST_FILE = "BoxCheckers/BoxCheckers-Info.plist";
				PRODUCT_NAME = "$(TARGET_NAME)";
				WRAPPER_EXTENSION = app;
			};
			name = Debug;
		};
		2218153A15391CD5001A9EAF /* Release */ = {
			isa = XCBuildConfiguration;
			buildSettings = {
				GCC_PRECOMPILE_PREFIX_HEADER = YES;
				GCC_PREFIX_HEADER = "BoxCheckers/BoxCheckers-Prefix.pch";
				INFOPLIST_FILE = "BoxCheckers/BoxCheckers-Info.plist";
				PRODUCT_NAME = "$(TARGET_NAME)";
				WRAPPER_EXTENSION = app;
			};
			name = Release;
		};
/* End XCBuildConfiguration section */

/* Begin XCConfigurationList section */
		2218151A15391CD5001A9EAF /* Build configuration list for PBXProject "BoxCheckers" */ = {
			isa = XCConfigurationList;
			buildConfigurations = (
				2218153615391CD5001A9EAF /* Debug */,
				2218153715391CD5001A9EAF /* Release */,
			);
			defaultConfigurationIsVisible = 0;
			defaultConfigurationName = Release;
		};
		2218153815391CD5001A9EAF /* Build configuration list for PBXNativeTarget "BoxCheckers" */ = {
			isa = XCConfigurationList;
			buildConfigurations = (
				2218153915391CD5001A9EAF /* Debug */,
				2218153A15391CD5001A9EAF /* Release */,
			);
			defaultConfigurationIsVisible = 0;
		};
/* End XCConfigurationList section */
	};
	rootObject = 2218151715391CD5001A9EAF /* Project object */;
}
